// !$*UTF8*$!
{
	archiveVersion = 1;
	classes = {
	};
	objectVersion = 48;
	objects = {

/* Begin PBXBuildFile section */
		C0365A472058B4A000EF6CE5 /* AppDelegate.swift in Sources */ = {isa = PBXBuildFile; fileRef = C0365A462058B4A000EF6CE5 /* AppDelegate.swift */; };
		C0365A492058B4A100EF6CE5 /* ViewController.swift in Sources */ = {isa = PBXBuildFile; fileRef = C0365A482058B4A100EF6CE5 /* ViewController.swift */; };
		C0365A4C2058B4A200EF6CE5 /* Main.storyboard in Resources */ = {isa = PBXBuildFile; fileRef = C0365A4A2058B4A200EF6CE5 /* Main.storyboard */; };
		C0365A4E2058B4A300EF6CE5 /* Assets.xcassets in Resources */ = {isa = PBXBuildFile; fileRef = C0365A4D2058B4A300EF6CE5 /* Assets.xcassets */; };
		C0365A512058B4A300EF6CE5 /* LaunchScreen.storyboard in Resources */ = {isa = PBXBuildFile; fileRef = C0365A4F2058B4A300EF6CE5 /* LaunchScreen.storyboard */; };
		C0365A5C2058B4AD00EF6CE5 /* Point_on_map_swiftUITests.swift in Sources */ = {isa = PBXBuildFile; fileRef = C0365A5B2058B4AD00EF6CE5 /* Point_on_map_swiftUITests.swift */; };
		C0365A672058B7E300EF6CE5 /* sat1.jpg in Resources */ = {isa = PBXBuildFile; fileRef = C0365A662058B7E200EF6CE5 /* sat1.jpg */; };
		C0365A6C2058B87300EF6CE5 /* SWRevealViewController.m in Sources */ = {isa = PBXBuildFile; fileRef = C0365A6B2058B87300EF6CE5 /* SWRevealViewController.m */; };
		C0365A6E2058BE1700EF6CE5 /* MenuViewController.swift in Sources */ = {isa = PBXBuildFile; fileRef = C0365A6D2058BE1700EF6CE5 /* MenuViewController.swift */; };
/* End PBXBuildFile section */

/* Begin PBXContainerItemProxy section */
		C0365A582058B4AC00EF6CE5 /* PBXContainerItemProxy */ = {
			isa = PBXContainerItemProxy;
			containerPortal = C0365A3B2058B49C00EF6CE5 /* Project object */;
			proxyType = 1;
			remoteGlobalIDString = C0365A422058B49F00EF6CE5;
			remoteInfo = Point_on_map_swift;
		};
/* End PBXContainerItemProxy section */

/* Begin PBXFileReference section */
		C0365A432058B49F00EF6CE5 /* Point_on_map_swift.app */ = {isa = PBXFileReference; explicitFileType = wrapper.application; includeInIndex = 0; path = Point_on_map_swift.app; sourceTree = BUILT_PRODUCTS_DIR; };
		C0365A462058B4A000EF6CE5 /* AppDelegate.swift */ = {isa = PBXFileReference; lastKnownFileType = sourcecode.swift; path = AppDelegate.swift; sourceTree = "<group>"; };
		C0365A482058B4A100EF6CE5 /* ViewController.swift */ = {isa = PBXFileReference; lastKnownFileType = sourcecode.swift; path = ViewController.swift; sourceTree = "<group>"; };
		C0365A4B2058B4A200EF6CE5 /* Base */ = {isa = PBXFileReference; lastKnownFileType = file.storyboard; name = Base; path = Base.lproj/Main.storyboard; sourceTree = "<group>"; };
		C0365A4D2058B4A300EF6CE5 /* Assets.xcassets */ = {isa = PBXFileReference; lastKnownFileType = folder.assetcatalog; path = Assets.xcassets; sourceTree = "<group>"; };
		C0365A502058B4A300EF6CE5 /* Base */ = {isa = PBXFileReference; lastKnownFileType = file.storyboard; name = Base; path = Base.lproj/LaunchScreen.storyboard; sourceTree = "<group>"; };
		C0365A522058B4A300EF6CE5 /* Info.plist */ = {isa = PBXFileReference; lastKnownFileType = text.plist.xml; path = Info.plist; sourceTree = "<group>"; };
		C0365A572058B4AC00EF6CE5 /* Point_on_map_swiftUITests.xctest */ = {isa = PBXFileReference; explicitFileType = wrapper.cfbundle; includeInIndex = 0; path = Point_on_map_swiftUITests.xctest; sourceTree = BUILT_PRODUCTS_DIR; };
		C0365A5B2058B4AD00EF6CE5 /* Point_on_map_swiftUITests.swift */ = {isa = PBXFileReference; lastKnownFileType = sourcecode.swift; path = Point_on_map_swiftUITests.swift; sourceTree = "<group>"; };
		C0365A5D2058B4AD00EF6CE5 /* Info.plist */ = {isa = PBXFileReference; lastKnownFileType = text.plist.xml; path = Info.plist; sourceTree = "<group>"; };
		C0365A662058B7E200EF6CE5 /* sat1.jpg */ = {isa = PBXFileReference; lastKnownFileType = image.jpeg; path = sat1.jpg; sourceTree = "<group>"; };
		C0365A692058B87000EF6CE5 /* Point_on_map_swift-Bridging-Header.h */ = {isa = PBXFileReference; lastKnownFileType = sourcecode.c.h; path = "Point_on_map_swift-Bridging-Header.h"; sourceTree = "<group>"; };
		C0365A6A2058B87300EF6CE5 /* SWRevealViewController.h */ = {isa = PBXFileReference; fileEncoding = 4; lastKnownFileType = sourcecode.c.h; path = SWRevealViewController.h; sourceTree = "<group>"; };
		C0365A6B2058B87300EF6CE5 /* SWRevealViewController.m */ = {isa = PBXFileReference; fileEncoding = 4; lastKnownFileType = sourcecode.c.objc; path = SWRevealViewController.m; sourceTree = "<group>"; };
		C0365A6D2058BE1700EF6CE5 /* MenuViewController.swift */ = {isa = PBXFileReference; lastKnownFileType = sourcecode.swift; path = MenuViewController.swift; sourceTree = "<group>"; };
/* End PBXFileReference section */

/* Begin PBXFrameworksBuildPhase section */
		C0365A402058B49F00EF6CE5 /* Frameworks */ = {
			isa = PBXFrameworksBuildPhase;
			buildActionMask = 2147483647;
			files = (
			);
			runOnlyForDeploymentPostprocessing = 0;
		};
		C0365A542058B4AC00EF6CE5 /* Frameworks */ = {
			isa = PBXFrameworksBuildPhase;
			buildActionMask = 2147483647;
			files = (
			);
			runOnlyForDeploymentPostprocessing = 0;
		};
/* End PBXFrameworksBuildPhase section */

/* Begin PBXGroup section */
		C0365A3A2058B49B00EF6CE5 = {
			isa = PBXGroup;
			children = (
				C0365A452058B4A000EF6CE5 /* Point_on_map_swift */,
				C0365A5A2058B4AC00EF6CE5 /* Point_on_map_swiftUITests */,
				C0365A442058B49F00EF6CE5 /* Products */,
			);
			sourceTree = "<group>";
		};
		C0365A442058B49F00EF6CE5 /* Products */ = {
			isa = PBXGroup;
			children = (
				C0365A432058B49F00EF6CE5 /* Point_on_map_swift.app */,
				C0365A572058B4AC00EF6CE5 /* Point_on_map_swiftUITests.xctest */,
			);
			name = Products;
			sourceTree = "<group>";
		};
		C0365A452058B4A000EF6CE5 /* Point_on_map_swift */ = {
			isa = PBXGroup;
			children = (
				C0365A682058B84300EF6CE5 /* SW_Reveal_ViewController */,
				C0365A462058B4A000EF6CE5 /* AppDelegate.swift */,
				C0365A482058B4A100EF6CE5 /* ViewController.swift */,
				C0365A6D2058BE1700EF6CE5 /* MenuViewController.swift */,
				C0365A4A2058B4A200EF6CE5 /* Main.storyboard */,
				C0365A4D2058B4A300EF6CE5 /* Assets.xcassets */,
				C0365A662058B7E200EF6CE5 /* sat1.jpg */,
				C0365A4F2058B4A300EF6CE5 /* LaunchScreen.storyboard */,
				C0365A522058B4A300EF6CE5 /* Info.plist */,
			);
			path = Point_on_map_swift;
			sourceTree = "<group>";
		};
		C0365A5A2058B4AC00EF6CE5 /* Point_on_map_swiftUITests */ = {
			isa = PBXGroup;
			children = (
				C0365A5B2058B4AD00EF6CE5 /* Point_on_map_swiftUITests.swift */,
				C0365A5D2058B4AD00EF6CE5 /* Info.plist */,
			);
			path = Point_on_map_swiftUITests;
			sourceTree = "<group>";
		};
		C0365A682058B84300EF6CE5 /* SW_Reveal_ViewController */ = {
			isa = PBXGroup;
			children = (
				C0365A6A2058B87300EF6CE5 /* SWRevealViewController.h */,
				C0365A6B2058B87300EF6CE5 /* SWRevealViewController.m */,
				C0365A692058B87000EF6CE5 /* Point_on_map_swift-Bridging-Header.h */,
			);
			path = SW_Reveal_ViewController;
			sourceTree = "<group>";
		};
/* End PBXGroup section */

/* Begin PBXNativeTarget section */
		C0365A422058B49F00EF6CE5 /* Point_on_map_swift */ = {
			isa = PBXNativeTarget;
			buildConfigurationList = C0365A602058B4AD00EF6CE5 /* Build configuration list for PBXNativeTarget "Point_on_map_swift" */;
			buildPhases = (
				C0365A3F2058B49F00EF6CE5 /* Sources */,
				C0365A402058B49F00EF6CE5 /* Frameworks */,
				C0365A412058B49F00EF6CE5 /* Resources */,
			);
			buildRules = (
			);
			dependencies = (
			);
			name = Point_on_map_swift;
			productName = Point_on_map_swift;
			productReference = C0365A432058B49F00EF6CE5 /* Point_on_map_swift.app */;
			productType = "com.apple.product-type.application";
		};
		C0365A562058B4AC00EF6CE5 /* Point_on_map_swiftUITests */ = {
			isa = PBXNativeTarget;
			buildConfigurationList = C0365A632058B4AD00EF6CE5 /* Build configuration list for PBXNativeTarget "Point_on_map_swiftUITests" */;
			buildPhases = (
				C0365A532058B4AC00EF6CE5 /* Sources */,
				C0365A542058B4AC00EF6CE5 /* Frameworks */,
				C0365A552058B4AC00EF6CE5 /* Resources */,
			);
			buildRules = (
			);
			dependencies = (
				C0365A592058B4AC00EF6CE5 /* PBXTargetDependency */,
			);
			name = Point_on_map_swiftUITests;
			productName = Point_on_map_swiftUITests;
			productReference = C0365A572058B4AC00EF6CE5 /* Point_on_map_swiftUITests.xctest */;
			productType = "com.apple.product-type.bundle.ui-testing";
		};
/* End PBXNativeTarget section */

/* Begin PBXProject section */
		C0365A3B2058B49C00EF6CE5 /* Project object */ = {
			isa = PBXProject;
			attributes = {
				LastSwiftUpdateCheck = 0920;
				LastUpgradeCheck = 0920;
				ORGANIZATIONNAME = venkatagovardhan;
				TargetAttributes = {
					C0365A422058B49F00EF6CE5 = {
						CreatedOnToolsVersion = 9.2;
						LastSwiftMigration = 0920;
						ProvisioningStyle = Automatic;
					};
					C0365A562058B4AC00EF6CE5 = {
						CreatedOnToolsVersion = 9.2;
						ProvisioningStyle = Automatic;
						TestTargetID = C0365A422058B49F00EF6CE5;
					};
				};
			};
			buildConfigurationList = C0365A3E2058B49C00EF6CE5 /* Build configuration list for PBXProject "Point_on_map_swift" */;
			compatibilityVersion = "Xcode 8.0";
			developmentRegion = en;
			hasScannedForEncodings = 0;
			knownRegions = (
				en,
				Base,
			);
			mainGroup = C0365A3A2058B49B00EF6CE5;
			productRefGroup = C0365A442058B49F00EF6CE5 /* Products */;
			projectDirPath = "";
			projectRoot = "";
			targets = (
				C0365A422058B49F00EF6CE5 /* Point_on_map_swift */,
				C0365A562058B4AC00EF6CE5 /* Point_on_map_swiftUITests */,
			);
		};
/* End PBXProject section */

/* Begin PBXResourcesBuildPhase section */
		C0365A412058B49F00EF6CE5 /* Resources */ = {
			isa = PBXResourcesBuildPhase;
			buildActionMask = 2147483647;
			files = (
				C0365A672058B7E300EF6CE5 /* sat1.jpg in Resources */,
				C0365A512058B4A300EF6CE5 /* LaunchScreen.storyboard in Resources */,
				C0365A4E2058B4A300EF6CE5 /* Assets.xcassets in Resources */,
				C0365A4C2058B4A200EF6CE5 /* Main.storyboard in Resources */,
			);
			runOnlyForDeploymentPostprocessing = 0;
		};
		C0365A552058B4AC00EF6CE5 /* Resources */ = {
			isa = PBXResourcesBuildPhase;
			buildActionMask = 2147483647;
			files = (
			);
			runOnlyForDeploymentPostprocessing = 0;
		};
/* End PBXResourcesBuildPhase section */

/* Begin PBXSourcesBuildPhase section */
		C0365A3F2058B49F00EF6CE5 /* Sources */ = {
			isa = PBXSourcesBuildPhase;
			buildActionMask = 2147483647;
			files = (
				C0365A492058B4A100EF6CE5 /* ViewController.swift in Sources */,
				C0365A472058B4A000EF6CE5 /* AppDelegate.swift in Sources */,
				C0365A6C2058B87300EF6CE5 /* SWRevealViewController.m in Sources */,
				C0365A6E2058BE1700EF6CE5 /* MenuViewController.swift in Sources */,
			);
			runOnlyForDeploymentPostprocessing = 0;
		};
		C0365A532058B4AC00EF6CE5 /* Sources */ = {
			isa = PBXSourcesBuildPhase;
			buildActionMask = 2147483647;
			files = (
				C0365A5C2058B4AD00EF6CE5 /* Point_on_map_swiftUITests.swift in Sources */,
			);
			runOnlyForDeploymentPostprocessing = 0;
		};
/* End PBXSourcesBuildPhase section */

/* Begin PBXTargetDependency section */
		C0365A592058B4AC00EF6CE5 /* PBXTargetDependency */ = {
			isa = PBXTargetDependency;
			target = C0365A422058B49F00EF6CE5 /* Point_on_map_swift */;
			targetProxy = C0365A582058B4AC00EF6CE5 /* PBXContainerItemProxy */;
		};
/* End PBXTargetDependency section */

/* Begin PBXVariantGroup section */
		C0365A4A2058B4A200EF6CE5 /* Main.storyboard */ = {
			isa = PBXVariantGroup;
			children = (
				C0365A4B2058B4A200EF6CE5 /* Base */,
			);
			name = Main.storyboard;
			sourceTree = "<group>";
		};
		C0365A4F2058B4A300EF6CE5 /* LaunchScreen.storyboard */ = {
			isa = PBXVariantGroup;
			children = (
				C0365A502058B4A300EF6CE5 /* Base */,
			);
			name = LaunchScreen.storyboard;
			sourceTree = "<group>";
		};
/* End PBXVariantGroup section */

/* Begin XCBuildConfiguration section */
		C0365A5E2058B4AD00EF6CE5 /* Debug */ = {
			isa = XCBuildConfiguration;
			buildSettings = {
				ALWAYS_SEARCH_USER_PATHS = NO;
				CLANG_ANALYZER_NONNULL = YES;
				CLANG_ANALYZER_NUMBER_OBJECT_CONVERSION = YES_AGGRESSIVE;
				CLANG_CXX_LANGUAGE_STANDARD = "gnu++14";
				CLANG_CXX_LIBRARY = "libc++";
				CLANG_ENABLE_MODULES = YES;
				CLANG_ENABLE_OBJC_ARC = YES;
				CLANG_WARN_BLOCK_CAPTURE_AUTORELEASING = YES;
				CLANG_WARN_BOOL_CONVERSION = YES;
				CLANG_WARN_COMMA = YES;
				CLANG_WARN_CONSTANT_CONVERSION = YES;
				CLANG_WARN_DIRECT_OBJC_ISA_USAGE = YES_ERROR;
				CLANG_WARN_DOCUMENTATION_COMMENTS = YES;
				CLANG_WARN_EMPTY_BODY = YES;
				CLANG_WARN_ENUM_CONVERSION = YES;
				CLANG_WARN_INFINITE_RECURSION = YES;
				CLANG_WARN_INT_CONVERSION = YES;
				CLANG_WARN_NON_LITERAL_NULL_CONVERSION = YES;
				CLANG_WARN_OBJC_LITERAL_CONVERSION = YES;
				CLANG_WARN_OBJC_ROOT_CLASS = YES_ERROR;
				CLANG_WARN_RANGE_LOOP_ANALYSIS = YES;
				CLANG_WARN_STRICT_PROTOTYPES = YES;
				CLANG_WARN_SUSPICIOUS_MOVE = YES;
				CLANG_WARN_UNGUARDED_AVAILABILITY = YES_AGGRESSIVE;
				CLANG_WARN_UNREACHABLE_CODE = YES;
				CLANG_WARN__DUPLICATE_METHOD_MATCH = YES;
				CODE_SIGN_IDENTITY = "iPhone Developer";
				COPY_PHASE_STRIP = NO;
				DEBUG_INFORMATION_FORMAT = dwarf;
				ENABLE_STRICT_OBJC_MSGSEND = YES;
				ENABLE_TESTABILITY = YES;
				GCC_C_LANGUAGE_STANDARD = gnu11;
				GCC_DYNAMIC_NO_PIC = NO;
				GCC_NO_COMMON_BLOCKS = YES;
				GCC_OPTIMIZATION_LEVEL = 0;
				GCC_PREPROCESSOR_DEFINITIONS = (
					"DEBUG=1",
					"$(inherited)",
				);
				GCC_WARN_64_TO_32_BIT_CONVERSION = YES;
				GCC_WARN_ABOUT_RETURN_TYPE = YES_ERROR;
				GCC_WARN_UNDECLARED_SELECTOR = YES;
				GCC_WARN_UNINITIALIZED_AUTOS = YES_AGGRESSIVE;
				GCC_WARN_UNUSED_FUNCTION = YES;
				GCC_WARN_UNUSED_VARIABLE = YES;
				IPHONEOS_DEPLOYMENT_TARGET = 11.2;
				MTL_ENABLE_DEBUG_INFO = YES;
				ONLY_ACTIVE_ARCH = YES;
				SDKROOT = iphoneos;
				SWIFT_ACTIVE_COMPILATION_CONDITIONS = DEBUG;
				SWIFT_OPTIMIZATION_LEVEL = "-Onone";
			};
			name = Debug;
		};
		C0365A5F2058B4AD00EF6CE5 /* Release */ = {
			isa = XCBuildConfiguration;
			buildSettings = {
				ALWAYS_SEARCH_USER_PATHS = NO;
				CLANG_ANALYZER_NONNULL = YES;
				CLANG_ANALYZER_NUMBER_OBJECT_CONVERSION = YES_AGGRESSIVE;
				CLANG_CXX_LANGUAGE_STANDARD = "gnu++14";
				CLANG_CXX_LIBRARY = "libc++";
				CLANG_ENABLE_MODULES = YES;
				CLANG_ENABLE_OBJC_ARC = YES;
				CLANG_WARN_BLOCK_CAPTURE_AUTORELEASING = YES;
				CLANG_WARN_BOOL_CONVERSION = YES;
				CLANG_WARN_COMMA = YES;
				CLANG_WARN_CONSTANT_CONVERSION = YES;
				CLANG_WARN_DIRECT_OBJC_ISA_USAGE = YES_ERROR;
				CLANG_WARN_DOCUMENTATION_COMMENTS = YES;
				CLANG_WARN_EMPTY_BODY = YES;
				CLANG_WARN_ENUM_CONVERSION = YES;
				CLANG_WARN_INFINITE_RECURSION = YES;
				CLANG_WARN_INT_CONVERSION = YES;
				CLANG_WARN_NON_LITERAL_NULL_CONVERSION = YES;
				CLANG_WARN_OBJC_LITERAL_CONVERSION = YES;
				CLANG_WARN_OBJC_ROOT_CLASS = YES_ERROR;
				CLANG_WARN_RANGE_LOOP_ANALYSIS = YES;
				CLANG_WARN_STRICT_PROTOTYPES = YES;
				CLANG_WARN_SUSPICIOUS_MOVE = YES;
				CLANG_WARN_UNGUARDED_AVAILABILITY = YES_AGGRESSIVE;
				CLANG_WARN_UNREACHABLE_CODE = YES;
				CLANG_WARN__DUPLICATE_METHOD_MATCH = YES;
				CODE_SIGN_IDENTITY = "iPhone Developer";
				COPY_PHASE_STRIP = NO;
				DEBUG_INFORMATION_FORMAT = "dwarf-with-dsym";
				ENABLE_NS_ASSERTIONS = NO;
				ENABLE_STRICT_OBJC_MSGSEND = YES;
				GCC_C_LANGUAGE_STANDARD = gnu11;
				GCC_NO_COMMON_BLOCKS = YES;
				GCC_WARN_64_TO_32_BIT_CONVERSION = YES;
				GCC_WARN_ABOUT_RETURN_TYPE = YES_ERROR;
				GCC_WARN_UNDECLARED_SELECTOR = YES;
				GCC_WARN_UNINITIALIZED_AUTOS = YES_AGGRESSIVE;
				GCC_WARN_UNUSED_FUNCTION = YES;
				GCC_WARN_UNUSED_VARIABLE = YES;
				IPHONEOS_DEPLOYMENT_TARGET = 11.2;
				MTL_ENABLE_DEBUG_INFO = NO;
				SDKROOT = iphoneos;
				SWIFT_OPTIMIZATION_LEVEL = "-Owholemodule";
				VALIDATE_PRODUCT = YES;
			};
			name = Release;
		};
		C0365A612058B4AD00EF6CE5 /* Debug */ = {
			isa = XCBuildConfiguration;
			buildSettings = {
				ASSETCATALOG_COMPILER_APPICON_NAME = AppIcon;
				CLANG_ENABLE_MODULES = YES;
				CODE_SIGN_STYLE = Automatic;
				DEVELOPMENT_TEAM = STC4XW93GM;
				INFOPLIST_FILE = Point_on_map_swift/Info.plist;
				LD_RUNPATH_SEARCH_PATHS = "$(inherited) @executable_path/Frameworks";
				PRODUCT_BUNDLE_IDENTIFIER = "com.venkatagovardhan.Point-on-map-swift";
				PRODUCT_NAME = "$(TARGET_NAME)";
				SWIFT_OBJC_BRIDGING_HEADER = "Point_on_map_swift/SW_Reveal_ViewController/Point_on_map_swift-Bridging-Header.h";
				SWIFT_OPTIMIZATION_LEVEL = "-Onone";
				SWIFT_VERSION = 4.0;
				TARGETED_DEVICE_FAMILY = "1,2";
			};
			name = Debug;
		};
		C0365A622058B4AD00EF6CE5 /* Release */ = {
			isa = XCBuildConfiguration;
			buildSettings = {
				ASSETCATALOG_COMPILER_APPICON_NAME = AppIcon;
				CLANG_ENABLE_MODULES = YES;
				CODE_SIGN_STYLE = Automatic;
				DEVELOPMENT_TEAM = STC4XW93GM;
				INFOPLIST_FILE = Point_on_map_swift/Info.plist;
				LD_RUNPATH_SEARCH_PATHS = "$(inherited) @executable_path/Frameworks";
				PRODUCT_BUNDLE_IDENTIFIER = "com.venkatagovardhan.Point-on-map-swift";
				PRODUCT_NAME = "$(TARGET_NAME)";
				SWIFT_OBJC_BRIDGING_HEADER = "Point_on_map_swift/SW_Reveal_ViewController/Point_on_map_swift-Bridging-Header.h";
				SWIFT_VERSION = 4.0;
				TARGETED_DEVICE_FAMILY = "1,2";
			};
			name = Release;
		};
		C0365A642058B4AD00EF6CE5 /* Debug */ = {
			isa = XCBuildConfiguration;
			buildSettings = {
				ALWAYS_EMBED_SWIFT_STANDARD_LIBRARIES = YES;
				CODE_SIGN_STYLE = Automatic;
				DEVELOPMENT_TEAM = STC4XW93GM;
				INFOPLIST_FILE = Point_on_map_swiftUITests/Info.plist;
				LD_RUNPATH_SEARCH_PATHS = "$(inherited) @executable_path/Frameworks @loader_path/Frameworks";
				PRODUCT_BUNDLE_IDENTIFIER = "com.venkatagovardhan.Point-on-map-swiftUITests";
				PRODUCT_NAME = "$(TARGET_NAME)";
				SWIFT_VERSION = 4.0;
				TARGETED_DEVICE_FAMILY = "1,2";
				TEST_TARGET_NAME = Point_on_map_swift;
			};
			name = Debug;
		};
		C0365A652058B4AD00EF6CE5 /* Release */ = {
			isa = XCBuildConfiguration;
			buildSettings = {
				ALWAYS_EMBED_SWIFT_STANDARD_LIBRARIES = YES;
				CODE_SIGN_STYLE = Automatic;
				DEVELOPMENT_TEAM = STC4XW93GM;
				INFOPLIST_FILE = Point_on_map_swiftUITests/Info.plist;
				LD_RUNPATH_SEARCH_PATHS = "$(inherited) @executable_path/Frameworks @loader_path/Frameworks";
				PRODUCT_BUNDLE_IDENTIFIER = "com.venkatagovardhan.Point-on-map-swiftUITests";
				PRODUCT_NAME = "$(TARGET_NAME)";
				SWIFT_VERSION = 4.0;
				TARGETED_DEVICE_FAMILY = "1,2";
				TEST_TARGET_NAME = Point_on_map_swift;
			};
			name = Release;
		};
/* End XCBuildConfiguration section */

/* Begin XCConfigurationList section */
		C0365A3E2058B49C00EF6CE5 /* Build configuration list for PBXProject "Point_on_map_swift" */ = {
			isa = XCConfigurationList;
			buildConfigurations = (
				C0365A5E2058B4AD00EF6CE5 /* Debug */,
				C0365A5F2058B4AD00EF6CE5 /* Release */,
			);
			defaultConfigurationIsVisible = 0;
			defaultConfigurationName = Release;
		};
		C0365A602058B4AD00EF6CE5 /* Build configuration list for PBXNativeTarget "Point_on_map_swift" */ = {
			isa = XCConfigurationList;
			buildConfigurations = (
				C0365A612058B4AD00EF6CE5 /* Debug */,
				C0365A622058B4AD00EF6CE5 /* Release */,
			);
			defaultConfigurationIsVisible = 0;
			defaultConfigurationName = Release;
		};
		C0365A632058B4AD00EF6CE5 /* Build configuration list for PBXNativeTarget "Point_on_map_swiftUITests" */ = {
			isa = XCConfigurationList;
			buildConfigurations = (
				C0365A642058B4AD00EF6CE5 /* Debug */,
				C0365A652058B4AD00EF6CE5 /* Release */,
			);
			defaultConfigurationIsVisible = 0;
			defaultConfigurationName = Release;
		};
/* End XCConfigurationList section */
	};
	rootObject = C0365A3B2058B49C00EF6CE5 /* Project object */;
}
